
Microsoft Visual Studio Solution File, Format Version 12.00
# Visual Studio 14
VisualStudioVersion = 14.0.25123.0
MinimumVisualStudioVersion = 10.0.40219.1
Project("{FAE04EC0-301F-11D3-BF4B-00C04F79EFBC}") = "Highlighter", "Highlighter\Highlighter.csproj", "{A1FCD5E5-7224-45FF-99DE-9A3FDE0C87BF}"
EndProject
Project("{FAE04EC0-301F-11D3-BF4B-00C04F79EFBC}") = "MusicWpf", "MusicWpf\MusicWpf.csproj", "{A1394059-CE22-410B-9CE4-27D33A1FE6F6}"
EndProject
Project("{FAE04EC0-301F-11D3-BF4B-00C04F79EFBC}") = "QabcParser", "..\QabcParser\Parser\QabcParser.csproj", "{2CBCABF6-0B20-43A9-96BD-7CD69C9023B9}"
EndProject
Project("{FAE04EC0-301F-11D3-BF4B-00C04F79EFBC}") = "PlayWaveLib - Debug", "PlayWaveLib\PlayWaveLib - Debug.csproj", "{242FD227-730C-4DCD-A626-A3DFE0934E09}"
EndProject
Project("{FAE04EC0-301F-11D3-BF4B-00C04F79EFBC}") = "ScoreDisplay - Debug", "ScoreDisplay\ScoreDisplay - Debug.csproj", "{13E70B45-9595-4C27-B56A-D99A702E0A21}"
EndProject
Project("{2150E333-8FDC-42A3-9474-1A3956D46DE8}") = "Solution Items", "Solution Items", "{1E018B58-D560-4F9A-8C7D-8252A70AE366}"
	ProjectSection(SolutionItems) = preProject
		Cudafy.dll = Cudafy.dll
		Cudafy.Host.dll = Cudafy.Host.dll
		Cudafy.Translator.dll = Cudafy.Translator.dll
		Irony.dll = Irony.dll
		Irony.pdb = Irony.pdb
	EndProjectSection
EndProject
Project("{FAE04EC0-301F-11D3-BF4B-00C04F79EFBC}") = "QabcPlayer - Debug", "QabcPlayer\QabcPlayer - Debug.csproj", "{E5C00BDA-4BA7-4A94-A54B-DDDEC9B1AED9}"
EndProject
Project("{FAE04EC0-301F-11D3-BF4B-00C04F79EFBC}") = "MidiPlayer", "MidiPlayer\MidiPlayer.csproj", "{175A3A69-9113-4404-B842-3711C57948F4}"
EndProject
Project("{FAE04EC0-301F-11D3-BF4B-00C04F79EFBC}") = "MidiPlayerTest", "MidiPlayerTest\MidiPlayerTest.csproj", "{659F597A-3161-46CD-A0A8-B64266BD353E}"
EndProject
Global
	GlobalSection(SolutionConfigurationPlatforms) = preSolution
		Debug|Any CPU = Debug|Any CPU
		Release|Any CPU = Release|Any CPU
	EndGlobalSection
	GlobalSection(ProjectConfigurationPlatforms) = postSolution
		{A1FCD5E5-7224-45FF-99DE-9A3FDE0C87BF}.Debug|Any CPU.ActiveCfg = Debug|Any CPU
		{A1FCD5E5-7224-45FF-99DE-9A3FDE0C87BF}.Debug|Any CPU.Build.0 = Debug|Any CPU
		{A1FCD5E5-7224-45FF-99DE-9A3FDE0C87BF}.Release|Any CPU.ActiveCfg = Release|Any CPU
		{A1FCD5E5-7224-45FF-99DE-9A3FDE0C87BF}.Release|Any CPU.Build.0 = Release|Any CPU
		{A1394059-CE22-410B-9CE4-27D33A1FE6F6}.Debug|Any CPU.ActiveCfg = Debug|Any CPU
		{A1394059-CE22-410B-9CE4-27D33A1FE6F6}.Release|Any CPU.ActiveCfg = Release|Any CPU
		{2CBCABF6-0B20-43A9-96BD-7CD69C9023B9}.Debug|Any CPU.ActiveCfg = Debug|Any CPU
		{2CBCABF6-0B20-43A9-96BD-7CD69C9023B9}.Debug|Any CPU.Build.0 = Debug|Any CPU
		{2CBCABF6-0B20-43A9-96BD-7CD69C9023B9}.Release|Any CPU.ActiveCfg = Release|Any CPU
		{2CBCABF6-0B20-43A9-96BD-7CD69C9023B9}.Release|Any CPU.Build.0 = Release|Any CPU
		{242FD227-730C-4DCD-A626-A3DFE0934E09}.Debug|Any CPU.ActiveCfg = Debug|Any CPU
		{242FD227-730C-4DCD-A626-A3DFE0934E09}.Debug|Any CPU.Build.0 = Debug|Any CPU
		{242FD227-730C-4DCD-A626-A3DFE0934E09}.Release|Any CPU.ActiveCfg = Release|Any CPU
		{242FD227-730C-4DCD-A626-A3DFE0934E09}.Release|Any CPU.Build.0 = Release|Any CPU
		{13E70B45-9595-4C27-B56A-D99A702E0A21}.Debug|Any CPU.ActiveCfg = Debug|Any CPU
		{13E70B45-9595-4C27-B56A-D99A702E0A21}.Debug|Any CPU.Build.0 = Debug|Any CPU
		{13E70B45-9595-4C27-B56A-D99A702E0A21}.Release|Any CPU.ActiveCfg = Release|Any CPU
		{13E70B45-9595-4C27-B56A-D99A702E0A21}.Release|Any CPU.Build.0 = Release|Any CPU
		{E5C00BDA-4BA7-4A94-A54B-DDDEC9B1AED9}.Debug|Any CPU.ActiveCfg = Debug|Any CPU
		{E5C00BDA-4BA7-4A94-A54B-DDDEC9B1AED9}.Debug|Any CPU.Build.0 = Debug|Any CPU
		{E5C00BDA-4BA7-4A94-A54B-DDDEC9B1AED9}.Release|Any CPU.ActiveCfg = Release|Any CPU
		{E5C00BDA-4BA7-4A94-A54B-DDDEC9B1AED9}.Release|Any CPU.Build.0 = Release|Any CPU
		{175A3A69-9113-4404-B842-3711C57948F4}.Debug|Any CPU.ActiveCfg = Debug|Any CPU
		{175A3A69-9113-4404-B842-3711C57948F4}.Debug|Any CPU.Build.0 = Debug|Any CPU
		{175A3A69-9113-4404-B842-3711C57948F4}.Release|Any CPU.ActiveCfg = Release|Any CPU
		{175A3A69-9113-4404-B842-3711C57948F4}.Release|Any CPU.Build.0 = Release|Any CPU
		{659F597A-3161-46CD-A0A8-B64266BD353E}.Debug|Any CPU.ActiveCfg = Debug|Any CPU
		{659F597A-3161-46CD-A0A8-B64266BD353E}.Debug|Any CPU.Build.0 = Debug|Any CPU
		{659F597A-3161-46CD-A0A8-B64266BD353E}.Release|Any CPU.ActiveCfg = Release|Any CPU
		{659F597A-3161-46CD-A0A8-B64266BD353E}.Release|Any CPU.Build.0 = Release|Any CPU
	EndGlobalSection
	GlobalSection(SolutionProperties) = preSolution
		HideSolutionNode = FALSE
	EndGlobalSection
EndGlobal
